
Microsoft Visual Studio Solution File, Format Version 12.00
# Visual Studio Version 17
VisualStudioVersion = 17.8.34601.278
MinimumVisualStudioVersion = 10.0.40219.1
Project("{2150E333-8FDC-42A3-9474-1A3956D46DE8}") = "1 - creationals", "1 - creationals", "{75CC85B8-C5CB-451C-A52B-B426A7EEA78C}"
EndProject
Project("{9A19103F-16F7-4668-BE54-9A1E7A4F7556}") = "SimpleFactory", "1 - creationals\SimpleFactory\SimpleFactory.csproj", "{039EE70C-1BDE-481A-95C5-2FFE3E9FC064}"
EndProject
Project("{9A19103F-16F7-4668-BE54-9A1E7A4F7556}") = "FactoryMethod", "1 - creationals\FactoryMethod\FactoryMethod.csproj", "{E16075BC-DFF9-40E1-99D4-B20EB18E11BC}"
EndProject
Project("{9A19103F-16F7-4668-BE54-9A1E7A4F7556}") = "AbstractFactory", "1 - creationals\AbstractFactory\AbstractFactory.csproj", "{E6FFFBEC-C04A-48F2-BFB0-FFD9517E1CBA}"
EndProject
Project("{9A19103F-16F7-4668-BE54-9A1E7A4F7556}") = "Builder", "1 - creationals\Builder\Builder.csproj", "{8DF8BB7E-3016-4F38-BB08-DBB1741A4590}"
EndProject
Project("{9A19103F-16F7-4668-BE54-9A1E7A4F7556}") = "Prototype", "1 - creationals\Prototype\Prototype.csproj", "{DBD15B51-BC89-4C96-9E25-3FF5F13F63C5}"
EndProject
Project("{9A19103F-16F7-4668-BE54-9A1E7A4F7556}") = "Singleton", "1 - creationals\Singleton\Singleton.csproj", "{90ABC2A4-EFDE-46B9-A7E5-5D4092A3B75F}"
EndProject
Project("{9A19103F-16F7-4668-BE54-9A1E7A4F7556}") = "Adapter", "2 - structural\Adapter\Adapter.csproj", "{092028A8-60B0-4095-BD78-FB53E069F007}"
EndProject
Project("{2150E333-8FDC-42A3-9474-1A3956D46DE8}") = "2 - structural", "2 - structural", "{594B36D1-7ABA-4C03-8B48-B725800360C4}"
EndProject
Project("{9A19103F-16F7-4668-BE54-9A1E7A4F7556}") = "Bridge", "2 - structural\Bridge\Bridge.csproj", "{0CA4FAFC-805D-47A9-B6B0-44780358BA83}"
EndProject
Project("{9A19103F-16F7-4668-BE54-9A1E7A4F7556}") = "Composite", "2 - structural\Composite\Composite.csproj", "{1DA0422F-0E49-449B-873D-9CA69FF0D015}"
EndProject
Project("{9A19103F-16F7-4668-BE54-9A1E7A4F7556}") = "Decorator", "2 - structural\Decorator\Decorator.csproj", "{2C86C0BB-8637-4820-9962-AB6431147F47}"
EndProject
Project("{9A19103F-16F7-4668-BE54-9A1E7A4F7556}") = "Facade", "2 - structural\Facade\Facade.csproj", "{67A342C6-7020-4A90-B687-C06D2709A092}"
EndProject
Project("{9A19103F-16F7-4668-BE54-9A1E7A4F7556}") = "Flyweight", "2 - structural\Flyweight\Flyweight.csproj", "{22EB3329-DAC9-4567-8C3F-A0E25D68BA67}"
EndProject
Project("{9A19103F-16F7-4668-BE54-9A1E7A4F7556}") = "Proxy", "2 - structural\Proxy\Proxy.csproj", "{20D1F639-B675-4A10-BD9D-B066E39624CE}"
EndProject
Project("{2150E333-8FDC-42A3-9474-1A3956D46DE8}") = "3 - behavioral", "3 - behavioral", "{31585E28-755C-4CF7-99F5-98F64CFB34E7}"
EndProject
Project("{FAE04EC0-301F-11D3-BF4B-00C04F79EFBC}") = "ChainOfResponsability", "3 - behavioral\ChainOfResponsability\ChainOfResponsability.csproj", "{1C5FD18A-E0D4-4E06-9B85-B2E87D5B3484}"
EndProject
Project("{FAE04EC0-301F-11D3-BF4B-00C04F79EFBC}") = "Command", "3 - behavioral\Command\Command.csproj", "{A11347D5-63BD-481E-8D86-3FB1FE01A387}"
EndProject
Project("{FAE04EC0-301F-11D3-BF4B-00C04F79EFBC}") = "Interpreter", "3 - behavioral\Interpreter\Interpreter.csproj", "{A133003B-6F3E-4FA9-BD7E-4BDC87DFAA7E}"
EndProject
Project("{FAE04EC0-301F-11D3-BF4B-00C04F79EFBC}") = "Iterator", "3 - behavioral\Iterator\Iterator.csproj", "{E9C695AF-01D3-4330-B15C-9A5533D08122}"
EndProject
Project("{FAE04EC0-301F-11D3-BF4B-00C04F79EFBC}") = "Mediator", "3 - behavioral\Mediator\Mediator.csproj", "{18100AE2-6C9E-4618-B1F4-2861133A5284}"
EndProject
Project("{FAE04EC0-301F-11D3-BF4B-00C04F79EFBC}") = "Memento", "3 - behavioral\Memento\Memento.csproj", "{B1CF120E-8F95-47CF-9941-5871809B1105}"
EndProject
Project("{FAE04EC0-301F-11D3-BF4B-00C04F79EFBC}") = "Observer", "3 - behavioral\Observer\Observer.csproj", "{E45F8ED1-8C87-4D63-97A0-AA0B0C06F63D}"
EndProject
Global
	GlobalSection(SolutionConfigurationPlatforms) = preSolution
		Debug|Any CPU = Debug|Any CPU
		Release|Any CPU = Release|Any CPU
	EndGlobalSection
	GlobalSection(ProjectConfigurationPlatforms) = postSolution
		{039EE70C-1BDE-481A-95C5-2FFE3E9FC064}.Debug|Any CPU.ActiveCfg = Debug|Any CPU
		{039EE70C-1BDE-481A-95C5-2FFE3E9FC064}.Debug|Any CPU.Build.0 = Debug|Any CPU
		{039EE70C-1BDE-481A-95C5-2FFE3E9FC064}.Release|Any CPU.ActiveCfg = Release|Any CPU
		{039EE70C-1BDE-481A-95C5-2FFE3E9FC064}.Release|Any CPU.Build.0 = Release|Any CPU
		{E16075BC-DFF9-40E1-99D4-B20EB18E11BC}.Debug|Any CPU.ActiveCfg = Debug|Any CPU
		{E16075BC-DFF9-40E1-99D4-B20EB18E11BC}.Debug|Any CPU.Build.0 = Debug|Any CPU
		{E16075BC-DFF9-40E1-99D4-B20EB18E11BC}.Release|Any CPU.ActiveCfg = Release|Any CPU
		{E16075BC-DFF9-40E1-99D4-B20EB18E11BC}.Release|Any CPU.Build.0 = Release|Any CPU
		{E6FFFBEC-C04A-48F2-BFB0-FFD9517E1CBA}.Debug|Any CPU.ActiveCfg = Debug|Any CPU
		{E6FFFBEC-C04A-48F2-BFB0-FFD9517E1CBA}.Debug|Any CPU.Build.0 = Debug|Any CPU
		{E6FFFBEC-C04A-48F2-BFB0-FFD9517E1CBA}.Release|Any CPU.ActiveCfg = Release|Any CPU
		{E6FFFBEC-C04A-48F2-BFB0-FFD9517E1CBA}.Release|Any CPU.Build.0 = Release|Any CPU
		{8DF8BB7E-3016-4F38-BB08-DBB1741A4590}.Debug|Any CPU.ActiveCfg = Debug|Any CPU
		{8DF8BB7E-3016-4F38-BB08-DBB1741A4590}.Debug|Any CPU.Build.0 = Debug|Any CPU
		{8DF8BB7E-3016-4F38-BB08-DBB1741A4590}.Release|Any CPU.ActiveCfg = Release|Any CPU
		{8DF8BB7E-3016-4F38-BB08-DBB1741A4590}.Release|Any CPU.Build.0 = Release|Any CPU
		{DBD15B51-BC89-4C96-9E25-3FF5F13F63C5}.Debug|Any CPU.ActiveCfg = Debug|Any CPU
		{DBD15B51-BC89-4C96-9E25-3FF5F13F63C5}.Debug|Any CPU.Build.0 = Debug|Any CPU
		{DBD15B51-BC89-4C96-9E25-3FF5F13F63C5}.Release|Any CPU.ActiveCfg = Release|Any CPU
		{DBD15B51-BC89-4C96-9E25-3FF5F13F63C5}.Release|Any CPU.Build.0 = Release|Any CPU
		{90ABC2A4-EFDE-46B9-A7E5-5D4092A3B75F}.Debug|Any CPU.ActiveCfg = Debug|Any CPU
		{90ABC2A4-EFDE-46B9-A7E5-5D4092A3B75F}.Debug|Any CPU.Build.0 = Debug|Any CPU
		{90ABC2A4-EFDE-46B9-A7E5-5D4092A3B75F}.Release|Any CPU.ActiveCfg = Release|Any CPU
		{90ABC2A4-EFDE-46B9-A7E5-5D4092A3B75F}.Release|Any CPU.Build.0 = Release|Any CPU
		{092028A8-60B0-4095-BD78-FB53E069F007}.Debug|Any CPU.ActiveCfg = Debug|Any CPU
		{092028A8-60B0-4095-BD78-FB53E069F007}.Debug|Any CPU.Build.0 = Debug|Any CPU
		{092028A8-60B0-4095-BD78-FB53E069F007}.Release|Any CPU.ActiveCfg = Release|Any CPU
		{092028A8-60B0-4095-BD78-FB53E069F007}.Release|Any CPU.Build.0 = Release|Any CPU
		{0CA4FAFC-805D-47A9-B6B0-44780358BA83}.Debug|Any CPU.ActiveCfg = Debug|Any CPU
		{0CA4FAFC-805D-47A9-B6B0-44780358BA83}.Debug|Any CPU.Build.0 = Debug|Any CPU
		{0CA4FAFC-805D-47A9-B6B0-44780358BA83}.Release|Any CPU.ActiveCfg = Release|Any CPU
		{0CA4FAFC-805D-47A9-B6B0-44780358BA83}.Release|Any CPU.Build.0 = Release|Any CPU
		{1DA0422F-0E49-449B-873D-9CA69FF0D015}.Debug|Any CPU.ActiveCfg = Debug|Any CPU
		{1DA0422F-0E49-449B-873D-9CA69FF0D015}.Debug|Any CPU.Build.0 = Debug|Any CPU
		{1DA0422F-0E49-449B-873D-9CA69FF0D015}.Release|Any CPU.ActiveCfg = Release|Any CPU
		{1DA0422F-0E49-449B-873D-9CA69FF0D015}.Release|Any CPU.Build.0 = Release|Any CPU
		{2C86C0BB-8637-4820-9962-AB6431147F47}.Debug|Any CPU.ActiveCfg = Debug|Any CPU
		{2C86C0BB-8637-4820-9962-AB6431147F47}.Debug|Any CPU.Build.0 = Debug|Any CPU
		{2C86C0BB-8637-4820-9962-AB6431147F47}.Release|Any CPU.ActiveCfg = Release|Any CPU
		{2C86C0BB-8637-4820-9962-AB6431147F47}.Release|Any CPU.Build.0 = Release|Any CPU
		{67A342C6-7020-4A90-B687-C06D2709A092}.Debug|Any CPU.ActiveCfg = Debug|Any CPU
		{67A342C6-7020-4A90-B687-C06D2709A092}.Debug|Any CPU.Build.0 = Debug|Any CPU
		{67A342C6-7020-4A90-B687-C06D2709A092}.Release|Any CPU.ActiveCfg = Release|Any CPU
		{67A342C6-7020-4A90-B687-C06D2709A092}.Release|Any CPU.Build.0 = Release|Any CPU
		{22EB3329-DAC9-4567-8C3F-A0E25D68BA67}.Debug|Any CPU.ActiveCfg = Debug|Any CPU
		{22EB3329-DAC9-4567-8C3F-A0E25D68BA67}.Debug|Any CPU.Build.0 = Debug|Any CPU
		{22EB3329-DAC9-4567-8C3F-A0E25D68BA67}.Release|Any CPU.ActiveCfg = Release|Any CPU
		{22EB3329-DAC9-4567-8C3F-A0E25D68BA67}.Release|Any CPU.Build.0 = Release|Any CPU
		{20D1F639-B675-4A10-BD9D-B066E39624CE}.Debug|Any CPU.ActiveCfg = Debug|Any CPU
		{20D1F639-B675-4A10-BD9D-B066E39624CE}.Debug|Any CPU.Build.0 = Debug|Any CPU
		{20D1F639-B675-4A10-BD9D-B066E39624CE}.Release|Any CPU.ActiveCfg = Release|Any CPU
		{20D1F639-B675-4A10-BD9D-B066E39624CE}.Release|Any CPU.Build.0 = Release|Any CPU
		{1C5FD18A-E0D4-4E06-9B85-B2E87D5B3484}.Debug|Any CPU.ActiveCfg = Debug|Any CPU
		{1C5FD18A-E0D4-4E06-9B85-B2E87D5B3484}.Debug|Any CPU.Build.0 = Debug|Any CPU
		{1C5FD18A-E0D4-4E06-9B85-B2E87D5B3484}.Release|Any CPU.ActiveCfg = Release|Any CPU
		{1C5FD18A-E0D4-4E06-9B85-B2E87D5B3484}.Release|Any CPU.Build.0 = Release|Any CPU
		{A11347D5-63BD-481E-8D86-3FB1FE01A387}.Debug|Any CPU.ActiveCfg = Debug|Any CPU
		{A11347D5-63BD-481E-8D86-3FB1FE01A387}.Debug|Any CPU.Build.0 = Debug|Any CPU
		{A11347D5-63BD-481E-8D86-3FB1FE01A387}.Release|Any CPU.ActiveCfg = Release|Any CPU
		{A11347D5-63BD-481E-8D86-3FB1FE01A387}.Release|Any CPU.Build.0 = Release|Any CPU
		{A133003B-6F3E-4FA9-BD7E-4BDC87DFAA7E}.Debug|Any CPU.ActiveCfg = Debug|Any CPU
		{A133003B-6F3E-4FA9-BD7E-4BDC87DFAA7E}.Debug|Any CPU.Build.0 = Debug|Any CPU
		{A133003B-6F3E-4FA9-BD7E-4BDC87DFAA7E}.Release|Any CPU.ActiveCfg = Release|Any CPU
		{A133003B-6F3E-4FA9-BD7E-4BDC87DFAA7E}.Release|Any CPU.Build.0 = Release|Any CPU
		{E9C695AF-01D3-4330-B15C-9A5533D08122}.Debug|Any CPU.ActiveCfg = Debug|Any CPU
		{E9C695AF-01D3-4330-B15C-9A5533D08122}.Debug|Any CPU.Build.0 = Debug|Any CPU
		{E9C695AF-01D3-4330-B15C-9A5533D08122}.Release|Any CPU.ActiveCfg = Release|Any CPU
		{E9C695AF-01D3-4330-B15C-9A5533D08122}.Release|Any CPU.Build.0 = Release|Any CPU
		{18100AE2-6C9E-4618-B1F4-2861133A5284}.Debug|Any CPU.ActiveCfg = Debug|Any CPU
		{18100AE2-6C9E-4618-B1F4-2861133A5284}.Debug|Any CPU.Build.0 = Debug|Any CPU
		{18100AE2-6C9E-4618-B1F4-2861133A5284}.Release|Any CPU.ActiveCfg = Release|Any CPU
		{18100AE2-6C9E-4618-B1F4-2861133A5284}.Release|Any CPU.Build.0 = Release|Any CPU
		{B1CF120E-8F95-47CF-9941-5871809B1105}.Debug|Any CPU.ActiveCfg = Debug|Any CPU
		{B1CF120E-8F95-47CF-9941-5871809B1105}.Debug|Any CPU.Build.0 = Debug|Any CPU
		{B1CF120E-8F95-47CF-9941-5871809B1105}.Release|Any CPU.ActiveCfg = Release|Any CPU
		{B1CF120E-8F95-47CF-9941-5871809B1105}.Release|Any CPU.Build.0 = Release|Any CPU
		{E45F8ED1-8C87-4D63-97A0-AA0B0C06F63D}.Debug|Any CPU.ActiveCfg = Debug|Any CPU
		{E45F8ED1-8C87-4D63-97A0-AA0B0C06F63D}.Debug|Any CPU.Build.0 = Debug|Any CPU
		{E45F8ED1-8C87-4D63-97A0-AA0B0C06F63D}.Release|Any CPU.ActiveCfg = Release|Any CPU
		{E45F8ED1-8C87-4D63-97A0-AA0B0C06F63D}.Release|Any CPU.Build.0 = Release|Any CPU
	EndGlobalSection
	GlobalSection(SolutionProperties) = preSolution
		HideSolutionNode = FALSE
	EndGlobalSection
	GlobalSection(NestedProjects) = preSolution
		{039EE70C-1BDE-481A-95C5-2FFE3E9FC064} = {75CC85B8-C5CB-451C-A52B-B426A7EEA78C}
		{E16075BC-DFF9-40E1-99D4-B20EB18E11BC} = {75CC85B8-C5CB-451C-A52B-B426A7EEA78C}
		{E6FFFBEC-C04A-48F2-BFB0-FFD9517E1CBA} = {75CC85B8-C5CB-451C-A52B-B426A7EEA78C}
		{8DF8BB7E-3016-4F38-BB08-DBB1741A4590} = {75CC85B8-C5CB-451C-A52B-B426A7EEA78C}
		{DBD15B51-BC89-4C96-9E25-3FF5F13F63C5} = {75CC85B8-C5CB-451C-A52B-B426A7EEA78C}
		{90ABC2A4-EFDE-46B9-A7E5-5D4092A3B75F} = {75CC85B8-C5CB-451C-A52B-B426A7EEA78C}
		{092028A8-60B0-4095-BD78-FB53E069F007} = {594B36D1-7ABA-4C03-8B48-B725800360C4}
		{0CA4FAFC-805D-47A9-B6B0-44780358BA83} = {594B36D1-7ABA-4C03-8B48-B725800360C4}
		{1DA0422F-0E49-449B-873D-9CA69FF0D015} = {594B36D1-7ABA-4C03-8B48-B725800360C4}
		{2C86C0BB-8637-4820-9962-AB6431147F47} = {594B36D1-7ABA-4C03-8B48-B725800360C4}
		{67A342C6-7020-4A90-B687-C06D2709A092} = {594B36D1-7ABA-4C03-8B48-B725800360C4}
		{22EB3329-DAC9-4567-8C3F-A0E25D68BA67} = {594B36D1-7ABA-4C03-8B48-B725800360C4}
		{20D1F639-B675-4A10-BD9D-B066E39624CE} = {594B36D1-7ABA-4C03-8B48-B725800360C4}
		{1C5FD18A-E0D4-4E06-9B85-B2E87D5B3484} = {31585E28-755C-4CF7-99F5-98F64CFB34E7}
		{A11347D5-63BD-481E-8D86-3FB1FE01A387} = {31585E28-755C-4CF7-99F5-98F64CFB34E7}
		{A133003B-6F3E-4FA9-BD7E-4BDC87DFAA7E} = {31585E28-755C-4CF7-99F5-98F64CFB34E7}
		{E9C695AF-01D3-4330-B15C-9A5533D08122} = {31585E28-755C-4CF7-99F5-98F64CFB34E7}
		{18100AE2-6C9E-4618-B1F4-2861133A5284} = {31585E28-755C-4CF7-99F5-98F64CFB34E7}
		{B1CF120E-8F95-47CF-9941-5871809B1105} = {31585E28-755C-4CF7-99F5-98F64CFB34E7}
		{E45F8ED1-8C87-4D63-97A0-AA0B0C06F63D} = {31585E28-755C-4CF7-99F5-98F64CFB34E7}
	EndGlobalSection
	GlobalSection(ExtensibilityGlobals) = postSolution
		SolutionGuid = {236F7AFA-37FE-4D24-850C-8E330026D4C5}
	EndGlobalSection
EndGlobal
